{
    "_meta": {
        "hash": {
            "sha256": "5de94267ea2edb12da667a845e2c53ebea3b3c016f7251e256605708211556d5"
        },
        "pipfile-spec": 6,
        "requires": {},
        "sources": [
            {
                "name": "pypi",
                "url": "https://pypi.org/simple",
                "verify_ssl": true
            }
        ]
    },
    "default": {
        "ply": {
            "hashes": [
                "sha256:00c7c1aaa88358b9c765b6d3000c6eec0ba42abca5351b095321aef446081da3",
                "sha256:096f9b8350b65ebd2fd1346b12452efe5b9607f7482813ffca50c22722a807ce"
            ],
            "version": "==3.11"
        },
        "setuptools": {
            "hashes": [
                "sha256:f2504966861356aa38616760c0f66568e535562374995367b4e69c7143cf6bcd",
                "sha256:fba5dd4d766e97be1b1681d98712680ae8f2f26d7881245f2ce9e40714f1a686"
            ],
            "markers": "python_version >= '3.8'",
            "version": "==75.3.0"
        },
        "solidpython2": {
            "hashes": [
                "sha256:2e3fd835554cf578aa1518168dad91c5d454b1d714599daad3514c91ad929a95",
                "sha256:6658d8fb3416b3356dc701606143dcfd9ed14c63f3c2a8c48400c330c57424bf"
            ],
            "index": "pypi",
            "markers": "python_version >= '3.7'",
            "version": "==2.1.0"
        },
        "spkb": {
            "git": "https://github.com/whitelynx/spkb.git",
            "ref": "a71f8eb38b44c1fa6dc2ba8d4d1f623ba1f31054"
        }
    },
    "develop": {
        "flake8": {
            "hashes": [
                "sha256:049d058491e228e03e67b390f311bbf88fce2dbaa8fa673e7aea87b7198b8d38",
                "sha256:597477df7860daa5aa0fdd84bf5208a043ab96b8e96ab708770ae0364dd03213"
            ],
            "index": "pypi",
            "markers": "python_full_version >= '3.8.1'",
            "version": "==7.1.1"
        },
        "mccabe": {
            "hashes": [
                "sha256:348e0240c33b60bbdf4e523192ef919f28cb2c3d7d5c7794f74009290f236325",
                "sha256:6c2d30ab6be0e4a46919781807b4f0d834ebdd6c6e3dca0bda5a15f863427b6e"
            ],
            "markers": "python_version >= '3.6'",
            "version": "==0.7.0"
        },
        "pycodestyle": {
            "hashes": [
                "sha256:46f0fb92069a7c28ab7bb558f05bfc0110dac69a0cd23c61ea0040283a9d78b3",
                "sha256:6838eae08bbce4f6accd5d5572075c63626a15ee3e6f842df996bf62f6d73521"
            ],
            "markers": "python_version >= '3.8'",
            "version": "==2.12.1"
        },
        "pyflakes": {
            "hashes": [
                "sha256:1c61603ff154621fb2a9172037d84dca3500def8c8b630657d1701f026f8af3f",
                "sha256:84b5be138a2dfbb40689ca07e2152deb896a65c3a3e24c251c5c62489568074a"
            ],
            "markers": "python_version >= '3.8'",
            "version": "==3.2.0"
        }
    }
}
